
Microsoft Visual Studio Solution File, Format Version 12.00
# Visual Studio Version 16
VisualStudioVersion = 16.0.30105.148
MinimumVisualStudioVersion = 15.0.26124.0
Project("{9A19103F-16F7-4668-BE54-9A1E7A4F7556}") = "DocumentViewer", "DocumentViewer\DocumentViewer.csproj", "{B4B5AFE1-DD16-4BBA-9A40-46AFAABF53B1}"
EndProject
Global
	GlobalSection(SolutionConfigurationPlatforms) = preSolution
		Debug|Any CPU = Debug|Any CPU
		Release|Any CPU = Release|Any CPU
	EndGlobalSection
	GlobalSection(ProjectConfigurationPlatforms) = postSolution
		{B4B5AFE1-DD16-4BBA-9A40-46AFAABF53B1}.Debug|Any CPU.ActiveCfg = Debug|Any CPU
		{B4B5AFE1-DD16-4BBA-9A40-46AFAABF53B1}.Debug|Any CPU.Build.0 = Debug|Any CPU
		{B4B5AFE1-DD16-4BBA-9A40-46AFAABF53B1}.Release|Any CPU.ActiveCfg = Release|Any CPU
		{B4B5AFE1-DD16-4BBA-9A40-46AFAABF53B1}.Release|Any CPU.Build.0 = Release|Any CPU
	EndGlobalSection
	GlobalSection(SolutionProperties) = preSolution
		HideSolutionNode = FALSE
	EndGlobalSection
	GlobalSection(ExtensibilityGlobals) = postSolution
		SolutionGuid = {A0E1C296-265B-43C6-82F5-1879BBFFFF29}
	EndGlobalSection
EndGlobal
